// !$*UTF8*$!
{
	archiveVersion = 1;
	classes = {
	};
	objectVersion = 50;
	objects = {

/* Begin PBXBuildFile section */
		3EACF0273814EDA2546F6BF6 /* Pods_RealmTest.framework in Frameworks */ = {isa = PBXBuildFile; fileRef = 2E97E0365FC3E12D0746F1EA /* Pods_RealmTest.framework */; };
		8CC1DAA4227AFD4E00B73106 /* AppDelegate.swift in Sources */ = {isa = PBXBuildFile; fileRef = 8CC1DAA3227AFD4E00B73106 /* AppDelegate.swift */; };
		8CC1DAA6227AFD4E00B73106 /* ViewController.swift in Sources */ = {isa = PBXBuildFile; fileRef = 8CC1DAA5227AFD4E00B73106 /* ViewController.swift */; };
		8CC1DAA9227AFD4E00B73106 /* Main.storyboard in Resources */ = {isa = PBXBuildFile; fileRef = 8CC1DAA7227AFD4E00B73106 /* Main.storyboard */; };
		8CC1DAAB227AFD5000B73106 /* Assets.xcassets in Resources */ = {isa = PBXBuildFile; fileRef = 8CC1DAAA227AFD5000B73106 /* Assets.xcassets */; };
		8CC1DAAE227AFD5000B73106 /* LaunchScreen.storyboard in Resources */ = {isa = PBXBuildFile; fileRef = 8CC1DAAC227AFD5000B73106 /* LaunchScreen.storyboard */; };
		8CC1DAB6227AFF9B00B73106 /* RegisterViewController.swift in Sources */ = {isa = PBXBuildFile; fileRef = 8CC1DAB5227AFF9B00B73106 /* RegisterViewController.swift */; };
		8CC1DAB8227B08BF00B73106 /* Model.swift in Sources */ = {isa = PBXBuildFile; fileRef = 8CC1DAB7227B08BF00B73106 /* Model.swift */; };
		8CC1DABA227B336400B73106 /* NewRegisterViewController.swift in Sources */ = {isa = PBXBuildFile; fileRef = 8CC1DAB9227B336400B73106 /* NewRegisterViewController.swift */; };
/* End PBXBuildFile section */

/* Begin PBXFileReference section */
		2E97E0365FC3E12D0746F1EA /* Pods_RealmTest.framework */ = {isa = PBXFileReference; explicitFileType = wrapper.framework; includeInIndex = 0; path = Pods_RealmTest.framework; sourceTree = BUILT_PRODUCTS_DIR; };
		41B565EC2520B527F9A9E761 /* Pods-RealmTest.release.xcconfig */ = {isa = PBXFileReference; includeInIndex = 1; lastKnownFileType = text.xcconfig; name = "Pods-RealmTest.release.xcconfig"; path = "Target Support Files/Pods-RealmTest/Pods-RealmTest.release.xcconfig"; sourceTree = "<group>"; };
		4836F8D2E479DF1957A14DA0 /* Pods-RealmTest.debug.xcconfig */ = {isa = PBXFileReference; includeInIndex = 1; lastKnownFileType = text.xcconfig; name = "Pods-RealmTest.debug.xcconfig"; path = "Target Support Files/Pods-RealmTest/Pods-RealmTest.debug.xcconfig"; sourceTree = "<group>"; };
		8CC1DAA0227AFD4E00B73106 /* RealmTest.app */ = {isa = PBXFileReference; explicitFileType = wrapper.application; includeInIndex = 0; path = RealmTest.app; sourceTree = BUILT_PRODUCTS_DIR; };
		8CC1DAA3227AFD4E00B73106 /* AppDelegate.swift */ = {isa = PBXFileReference; lastKnownFileType = sourcecode.swift; path = AppDelegate.swift; sourceTree = "<group>"; };
		8CC1DAA5227AFD4E00B73106 /* ViewController.swift */ = {isa = PBXFileReference; lastKnownFileType = sourcecode.swift; path = ViewController.swift; sourceTree = "<group>"; };
		8CC1DAA8227AFD4E00B73106 /* Base */ = {isa = PBXFileReference; lastKnownFileType = file.storyboard; name = Base; path = Base.lproj/Main.storyboard; sourceTree = "<group>"; };
		8CC1DAAA227AFD5000B73106 /* Assets.xcassets */ = {isa = PBXFileReference; lastKnownFileType = folder.assetcatalog; path = Assets.xcassets; sourceTree = "<group>"; };
		8CC1DAAD227AFD5000B73106 /* Base */ = {isa = PBXFileReference; lastKnownFileType = file.storyboard; name = Base; path = Base.lproj/LaunchScreen.storyboard; sourceTree = "<group>"; };
		8CC1DAAF227AFD5000B73106 /* Info.plist */ = {isa = PBXFileReference; lastKnownFileType = text.plist.xml; path = Info.plist; sourceTree = "<group>"; };
		8CC1DAB5227AFF9B00B73106 /* RegisterViewController.swift */ = {isa = PBXFileReference; lastKnownFileType = sourcecode.swift; path = RegisterViewController.swift; sourceTree = "<group>"; };
		8CC1DAB7227B08BF00B73106 /* Model.swift */ = {isa = PBXFileReference; lastKnownFileType = sourcecode.swift; path = Model.swift; sourceTree = "<group>"; };
		8CC1DAB9227B336400B73106 /* NewRegisterViewController.swift */ = {isa = PBXFileReference; lastKnownFileType = sourcecode.swift; path = NewRegisterViewController.swift; sourceTree = "<group>"; };
/* End PBXFileReference section */

/* Begin PBXFrameworksBuildPhase section */
		8CC1DA9D227AFD4E00B73106 /* Frameworks */ = {
			isa = PBXFrameworksBuildPhase;
			buildActionMask = 2147483647;
			files = (
				3EACF0273814EDA2546F6BF6 /* Pods_RealmTest.framework in Frameworks */,
			);
			runOnlyForDeploymentPostprocessing = 0;
		};
/* End PBXFrameworksBuildPhase section */

/* Begin PBXGroup section */
		09D30B371F94D52659A8FB18 /* Frameworks */ = {
			isa = PBXGroup;
			children = (
				2E97E0365FC3E12D0746F1EA /* Pods_RealmTest.framework */,
			);
			name = Frameworks;
			sourceTree = "<group>";
		};
		836D0ED7F9ED09D789BA31BA /* Pods */ = {
			isa = PBXGroup;
			children = (
				4836F8D2E479DF1957A14DA0 /* Pods-RealmTest.debug.xcconfig */,
				41B565EC2520B527F9A9E761 /* Pods-RealmTest.release.xcconfig */,
			);
			path = Pods;
			sourceTree = "<group>";
		};
		8CC1DA97227AFD4E00B73106 = {
			isa = PBXGroup;
			children = (
				8CC1DAA2227AFD4E00B73106 /* RealmTest */,
				8CC1DAA1227AFD4E00B73106 /* Products */,
				836D0ED7F9ED09D789BA31BA /* Pods */,
				09D30B371F94D52659A8FB18 /* Frameworks */,
			);
			sourceTree = "<group>";
		};
		8CC1DAA1227AFD4E00B73106 /* Products */ = {
			isa = PBXGroup;
			children = (
				8CC1DAA0227AFD4E00B73106 /* RealmTest.app */,
			);
			name = Products;
			sourceTree = "<group>";
		};
		8CC1DAA2227AFD4E00B73106 /* RealmTest */ = {
			isa = PBXGroup;
			children = (
				8CC1DAA3227AFD4E00B73106 /* AppDelegate.swift */,
				8CC1DAB7227B08BF00B73106 /* Model.swift */,
				8CC1DAB5227AFF9B00B73106 /* RegisterViewController.swift */,
				8CC1DAB9227B336400B73106 /* NewRegisterViewController.swift */,
				8CC1DAA5227AFD4E00B73106 /* ViewController.swift */,
				8CC1DAA7227AFD4E00B73106 /* Main.storyboard */,
				8CC1DAAA227AFD5000B73106 /* Assets.xcassets */,
				8CC1DAAC227AFD5000B73106 /* LaunchScreen.storyboard */,
				8CC1DAAF227AFD5000B73106 /* Info.plist */,
			);
			path = RealmTest;
			sourceTree = "<group>";
		};
/* End PBXGroup section */

/* Begin PBXNativeTarget section */
		8CC1DA9F227AFD4E00B73106 /* RealmTest */ = {
			isa = PBXNativeTarget;
			buildConfigurationList = 8CC1DAB2227AFD5000B73106 /* Build configuration list for PBXNativeTarget "RealmTest" */;
			buildPhases = (
				8DEA21238A6ADD6BB01B9ED7 /* [CP] Check Pods Manifest.lock */,
				8CC1DA9C227AFD4E00B73106 /* Sources */,
				8CC1DA9D227AFD4E00B73106 /* Frameworks */,
				8CC1DA9E227AFD4E00B73106 /* Resources */,
				DDB6CFE508849F2A88989D41 /* [CP] Embed Pods Frameworks */,
			);
			buildRules = (
			);
			dependencies = (
			);
			name = RealmTest;
			productName = RealmTest;
			productReference = 8CC1DAA0227AFD4E00B73106 /* RealmTest.app */;
			productType = "com.apple.product-type.application";
		};
/* End PBXNativeTarget section */

/* Begin PBXProject section */
		8CC1DA98227AFD4E00B73106 /* Project object */ = {
			isa = PBXProject;
			attributes = {
				LastSwiftUpdateCheck = 1020;
				LastUpgradeCheck = 1020;
				ORGANIZATIONNAME = "古賀賢司";
				TargetAttributes = {
					8CC1DA9F227AFD4E00B73106 = {
						CreatedOnToolsVersion = 10.2.1;
					};
				};
			};
			buildConfigurationList = 8CC1DA9B227AFD4E00B73106 /* Build configuration list for PBXProject "RealmTest" */;
			compatibilityVersion = "Xcode 9.3";
			developmentRegion = en;
			hasScannedForEncodings = 0;
			knownRegions = (
				en,
				Base,
			);
			mainGroup = 8CC1DA97227AFD4E00B73106;
			productRefGroup = 8CC1DAA1227AFD4E00B73106 /* Products */;
			projectDirPath = "";
			projectRoot = "";
			targets = (
				8CC1DA9F227AFD4E00B73106 /* RealmTest */,
			);
		};
/* End PBXProject section */

/* Begin PBXResourcesBuildPhase section */
		8CC1DA9E227AFD4E00B73106 /* Resources */ = {
			isa = PBXResourcesBuildPhase;
			buildActionMask = 2147483647;
			files = (
				8CC1DAAE227AFD5000B73106 /* LaunchScreen.storyboard in Resources */,
				8CC1DAAB227AFD5000B73106 /* Assets.xcassets in Resources */,
				8CC1DAA9227AFD4E00B73106 /* Main.storyboard in Resources */,
			);
			runOnlyForDeploymentPostprocessing = 0;
		};
/* End PBXResourcesBuildPhase section */

/* Begin PBXShellScriptBuildPhase section */
		8DEA21238A6ADD6BB01B9ED7 /* [CP] Check Pods Manifest.lock */ = {
			isa = PBXShellScriptBuildPhase;
			buildActionMask = 2147483647;
			files = (
			);
			inputFileListPaths = (
			);
			inputPaths = (
				"${PODS_PODFILE_DIR_PATH}/Podfile.lock",
				"${PODS_ROOT}/Manifest.lock",
			);
			name = "[CP] Check Pods Manifest.lock";
			outputFileListPaths = (
			);
			outputPaths = (
				"$(DERIVED_FILE_DIR)/Pods-RealmTest-checkManifestLockResult.txt",
			);
			runOnlyForDeploymentPostprocessing = 0;
			shellPath = /bin/sh;
			shellScript = "diff \"${PODS_PODFILE_DIR_PATH}/Podfile.lock\" \"${PODS_ROOT}/Manifest.lock\" > /dev/null\nif [ $? != 0 ] ; then\n    # print error to STDERR\n    echo \"error: The sandbox is not in sync with the Podfile.lock. Run 'pod install' or update your CocoaPods installation.\" >&2\n    exit 1\nfi\n# This output is used by Xcode 'outputs' to avoid re-running this script phase.\necho \"SUCCESS\" > \"${SCRIPT_OUTPUT_FILE_0}\"\n";
			showEnvVarsInLog = 0;
		};
		DDB6CFE508849F2A88989D41 /* [CP] Embed Pods Frameworks */ = {
			isa = PBXShellScriptBuildPhase;
			buildActionMask = 2147483647;
			files = (
			);
			inputFileListPaths = (
			);
			inputPaths = (
				"${PODS_ROOT}/Target Support Files/Pods-RealmTest/Pods-RealmTest-frameworks.sh",
				"${BUILT_PRODUCTS_DIR}/Realm/Realm.framework",
				"${BUILT_PRODUCTS_DIR}/RealmSwift/RealmSwift.framework",
			);
			name = "[CP] Embed Pods Frameworks";
			outputFileListPaths = (
			);
			outputPaths = (
				"${TARGET_BUILD_DIR}/${FRAMEWORKS_FOLDER_PATH}/Realm.framework",
				"${TARGET_BUILD_DIR}/${FRAMEWORKS_FOLDER_PATH}/RealmSwift.framework",
			);
			runOnlyForDeploymentPostprocessing = 0;
			shellPath = /bin/sh;
			shellScript = "\"${PODS_ROOT}/Target Support Files/Pods-RealmTest/Pods-RealmTest-frameworks.sh\"\n";
			showEnvVarsInLog = 0;
		};
/* End PBXShellScriptBuildPhase section */

/* Begin PBXSourcesBuildPhase section */
		8CC1DA9C227AFD4E00B73106 /* Sources */ = {
			isa = PBXSourcesBuildPhase;
			buildActionMask = 2147483647;
			files = (
				8CC1DAB6227AFF9B00B73106 /* RegisterViewController.swift in Sources */,
				8CC1DABA227B336400B73106 /* NewRegisterViewController.swift in Sources */,
				8CC1DAA6227AFD4E00B73106 /* ViewController.swift in Sources */,
				8CC1DAA4227AFD4E00B73106 /* AppDelegate.swift in Sources */,
				8CC1DAB8227B08BF00B73106 /* Model.swift in Sources */,
			);
			runOnlyForDeploymentPostprocessing = 0;
		};
/* End PBXSourcesBuildPhase section */

/* Begin PBXVariantGroup section */
		8CC1DAA7227AFD4E00B73106 /* Main.storyboard */ = {
			isa = PBXVariantGroup;
			children = (
				8CC1DAA8227AFD4E00B73106 /* Base */,
			);
			name = Main.storyboard;
			sourceTree = "<group>";
		};
		8CC1DAAC227AFD5000B73106 /* LaunchScreen.storyboard */ = {
			isa = PBXVariantGroup;
			children = (
				8CC1DAAD227AFD5000B73106 /* Base */,
			);
			name = LaunchScreen.storyboard;
			sourceTree = "<group>";
		};
/* End PBXVariantGroup section */

/* Begin XCBuildConfiguration section */
		8CC1DAB0227AFD5000B73106 /* Debug */ = {
			isa = XCBuildConfiguration;
			buildSettings = {
				ALWAYS_SEARCH_USER_PATHS = NO;
				CLANG_ANALYZER_NONNULL = YES;
				CLANG_ANALYZER_NUMBER_OBJECT_CONVERSION = YES_AGGRESSIVE;
				CLANG_CXX_LANGUAGE_STANDARD = "gnu++14";
				CLANG_CXX_LIBRARY = "libc++";
				CLANG_ENABLE_MODULES = YES;
				CLANG_ENABLE_OBJC_ARC = YES;
				CLANG_ENABLE_OBJC_WEAK = YES;
				CLANG_WARN_BLOCK_CAPTURE_AUTORELEASING = YES;
				CLANG_WARN_BOOL_CONVERSION = YES;
				CLANG_WARN_COMMA = YES;
				CLANG_WARN_CONSTANT_CONVERSION = YES;
				CLANG_WARN_DEPRECATED_OBJC_IMPLEMENTATIONS = YES;
				CLANG_WARN_DIRECT_OBJC_ISA_USAGE = YES_ERROR;
				CLANG_WARN_DOCUMENTATION_COMMENTS = YES;
				CLANG_WARN_EMPTY_BODY = YES;
				CLANG_WARN_ENUM_CONVERSION = YES;
				CLANG_WARN_INFINITE_RECURSION = YES;
				CLANG_WARN_INT_CONVERSION = YES;
				CLANG_WARN_NON_LITERAL_NULL_CONVERSION = YES;
				CLANG_WARN_OBJC_IMPLICIT_RETAIN_SELF = YES;
				CLANG_WARN_OBJC_LITERAL_CONVERSION = YES;
				CLANG_WARN_OBJC_ROOT_CLASS = YES_ERROR;
				CLANG_WARN_RANGE_LOOP_ANALYSIS = YES;
				CLANG_WARN_STRICT_PROTOTYPES = YES;
				CLANG_WARN_SUSPICIOUS_MOVE = YES;
				CLANG_WARN_UNGUARDED_AVAILABILITY = YES_AGGRESSIVE;
				CLANG_WARN_UNREACHABLE_CODE = YES;
				CLANG_WARN__DUPLICATE_METHOD_MATCH = YES;
				CODE_SIGN_IDENTITY = "iPhone Developer";
				COPY_PHASE_STRIP = NO;
				DEBUG_INFORMATION_FORMAT = dwarf;
				ENABLE_STRICT_OBJC_MSGSEND = YES;
				ENABLE_TESTABILITY = YES;
				GCC_C_LANGUAGE_STANDARD = gnu11;
				GCC_DYNAMIC_NO_PIC = NO;
				GCC_NO_COMMON_BLOCKS = YES;
				GCC_OPTIMIZATION_LEVEL = 0;
				GCC_PREPROCESSOR_DEFINITIONS = (
					"DEBUG=1",
					"$(inherited)",
				);
				GCC_WARN_64_TO_32_BIT_CONVERSION = YES;
				GCC_WARN_ABOUT_RETURN_TYPE = YES_ERROR;
				GCC_WARN_UNDECLARED_SELECTOR = YES;
				GCC_WARN_UNINITIALIZED_AUTOS = YES_AGGRESSIVE;
				GCC_WARN_UNUSED_FUNCTION = YES;
				GCC_WARN_UNUSED_VARIABLE = YES;
				IPHONEOS_DEPLOYMENT_TARGET = 12.2;
				MTL_ENABLE_DEBUG_INFO = INCLUDE_SOURCE;
				MTL_FAST_MATH = YES;
				ONLY_ACTIVE_ARCH = YES;
				SDKROOT = iphoneos;
				SWIFT_ACTIVE_COMPILATION_CONDITIONS = DEBUG;
				SWIFT_OPTIMIZATION_LEVEL = "-Onone";
			};
			name = Debug;
		};
		8CC1DAB1227AFD5000B73106 /* Release */ = {
			isa = XCBuildConfiguration;
			buildSettings = {
				ALWAYS_SEARCH_USER_PATHS = NO;
				CLANG_ANALYZER_NONNULL = YES;
				CLANG_ANALYZER_NUMBER_OBJECT_CONVERSION = YES_AGGRESSIVE;
				CLANG_CXX_LANGUAGE_STANDARD = "gnu++14";
				CLANG_CXX_LIBRARY = "libc++";
				CLANG_ENABLE_MODULES = YES;
				CLANG_ENABLE_OBJC_ARC = YES;
				CLANG_ENABLE_OBJC_WEAK = YES;
				CLANG_WARN_BLOCK_CAPTURE_AUTORELEASING = YES;
				CLANG_WARN_BOOL_CONVERSION = YES;
				CLANG_WARN_COMMA = YES;
				CLANG_WARN_CONSTANT_CONVERSION = YES;
				CLANG_WARN_DEPRECATED_OBJC_IMPLEMENTATIONS = YES;
				CLANG_WARN_DIRECT_OBJC_ISA_USAGE = YES_ERROR;
				CLANG_WARN_DOCUMENTATION_COMMENTS = YES;
				CLANG_WARN_EMPTY_BODY = YES;
				CLANG_WARN_ENUM_CONVERSION = YES;
				CLANG_WARN_INFINITE_RECURSION = YES;
				CLANG_WARN_INT_CONVERSION = YES;
				CLANG_WARN_NON_LITERAL_NULL_CONVERSION = YES;
				CLANG_WARN_OBJC_IMPLICIT_RETAIN_SELF = YES;
				CLANG_WARN_OBJC_LITERAL_CONVERSION = YES;
				CLANG_WARN_OBJC_ROOT_CLASS = YES_ERROR;
				CLANG_WARN_RANGE_LOOP_ANALYSIS = YES;
				CLANG_WARN_STRICT_PROTOTYPES = YES;
				CLANG_WARN_SUSPICIOUS_MOVE = YES;
				CLANG_WARN_UNGUARDED_AVAILABILITY = YES_AGGRESSIVE;
				CLANG_WARN_UNREACHABLE_CODE = YES;
				CLANG_WARN__DUPLICATE_METHOD_MATCH = YES;
				CODE_SIGN_IDENTITY = "iPhone Developer";
				COPY_PHASE_STRIP = NO;
				DEBUG_INFORMATION_FORMAT = "dwarf-with-dsym";
				ENABLE_NS_ASSERTIONS = NO;
				ENABLE_STRICT_OBJC_MSGSEND = YES;
				GCC_C_LANGUAGE_STANDARD = gnu11;
				GCC_NO_COMMON_BLOCKS = YES;
				GCC_WARN_64_TO_32_BIT_CONVERSION = YES;
				GCC_WARN_ABOUT_RETURN_TYPE = YES_ERROR;
				GCC_WARN_UNDECLARED_SELECTOR = YES;
				GCC_WARN_UNINITIALIZED_AUTOS = YES_AGGRESSIVE;
				GCC_WARN_UNUSED_FUNCTION = YES;
				GCC_WARN_UNUSED_VARIABLE = YES;
				IPHONEOS_DEPLOYMENT_TARGET = 12.2;
				MTL_ENABLE_DEBUG_INFO = NO;
				MTL_FAST_MATH = YES;
				SDKROOT = iphoneos;
				SWIFT_COMPILATION_MODE = wholemodule;
				SWIFT_OPTIMIZATION_LEVEL = "-O";
				VALIDATE_PRODUCT = YES;
			};
			name = Release;
		};
		8CC1DAB3227AFD5000B73106 /* Debug */ = {
			isa = XCBuildConfiguration;
			baseConfigurationReference = 4836F8D2E479DF1957A14DA0 /* Pods-RealmTest.debug.xcconfig */;
			buildSettings = {
				ASSETCATALOG_COMPILER_APPICON_NAME = AppIcon;
				CODE_SIGN_STYLE = Automatic;
				DEVELOPMENT_TEAM = 244Q8ZKA3G;
				INFOPLIST_FILE = RealmTest/Info.plist;
				LD_RUNPATH_SEARCH_PATHS = (
					"$(inherited)",
					"@executable_path/Frameworks",
				);
				PRODUCT_BUNDLE_IDENTIFIER = jp.primetheory.RealmTest;
				PRODUCT_NAME = "$(TARGET_NAME)";
				SWIFT_VERSION = 5.0;
				TARGETED_DEVICE_FAMILY = "1,2";
			};
			name = Debug;
		};
		8CC1DAB4227AFD5000B73106 /* Release */ = {
			isa = XCBuildConfiguration;
			baseConfigurationReference = 41B565EC2520B527F9A9E761 /* Pods-RealmTest.release.xcconfig */;
			buildSettings = {
				ASSETCATALOG_COMPILER_APPICON_NAME = AppIcon;
				CODE_SIGN_STYLE = Automatic;
				DEVELOPMENT_TEAM = 244Q8ZKA3G;
				INFOPLIST_FILE = RealmTest/Info.plist;
				LD_RUNPATH_SEARCH_PATHS = (
					"$(inherited)",
					"@executable_path/Frameworks",
				);
				PRODUCT_BUNDLE_IDENTIFIER = jp.primetheory.RealmTest;
				PRODUCT_NAME = "$(TARGET_NAME)";
				SWIFT_VERSION = 5.0;
				TARGETED_DEVICE_FAMILY = "1,2";
			};
			name = Release;
		};
/* End XCBuildConfiguration section */

/* Begin XCConfigurationList section */
		8CC1DA9B227AFD4E00B73106 /* Build configuration list for PBXProject "RealmTest" */ = {
			isa = XCConfigurationList;
			buildConfigurations = (
				8CC1DAB0227AFD5000B73106 /* Debug */,
				8CC1DAB1227AFD5000B73106 /* Release */,
			);
			defaultConfigurationIsVisible = 0;
			defaultConfigurationName = Release;
		};
		8CC1DAB2227AFD5000B73106 /* Build configuration list for PBXNativeTarget "RealmTest" */ = {
			isa = XCConfigurationList;
			buildConfigurations = (
				8CC1DAB3227AFD5000B73106 /* Debug */,
				8CC1DAB4227AFD5000B73106 /* Release */,
			);
			defaultConfigurationIsVisible = 0;
			defaultConfigurationName = Release;
		};
/* End XCConfigurationList section */
	};
	rootObject = 8CC1DA98227AFD4E00B73106 /* Project object */;
}
